
Microsoft Visual Studio Solution File, Format Version 11.00
# Visual Studio 2010
Project("{FAE04EC0-301F-11D3-BF4B-00C04F79EFBC}") = "WebUpload", "WebUpload\WebUpload.csproj", "{BC391DAE-C890-411E-95BC-5A9B3D5A8B5E}"
EndProject
Project("{FAE04EC0-301F-11D3-BF4B-00C04F79EFBC}") = "WebUploadHelper", "WebUploadHelper\WebUploadHelper.csproj", "{50309A50-ED94-4DEC-8860-1EDF300835F2}"
EndProject
Project("{FAE04EC0-301F-11D3-BF4B-00C04F79EFBC}") = "CPKWrap", "CPKWrap\CPKWrap.csproj", "{046FA151-38D0-4A8E-997B-82127FDB3300}"
EndProject
Project("{2150E333-8FDC-42A3-9474-1A3956D46DE8}") = "Lib", "Lib", "{116E5724-C9FA-4CFC-A37A-49FD152EDB9C}"
	ProjectSection(SolutionItems) = preProject
		Lib\libcpkapi.dll = Lib\libcpkapi.dll
		Lib\libeay32.dll = Lib\libeay32.dll
		Lib\libscard.dll = Lib\libscard.dll
		Lib\libtcard.dll = Lib\libtcard.dll
		Lib\libukey.dll = Lib\libukey.dll
		Lib\System.Data.SQLite.dll = Lib\System.Data.SQLite.dll
	EndProjectSection
EndProject
Global
	GlobalSection(SolutionConfigurationPlatforms) = preSolution
		Debug|Any CPU = Debug|Any CPU
		Debug|Mixed Platforms = Debug|Mixed Platforms
		Debug|Win32 = Debug|Win32
		Debug|x86 = Debug|x86
		Release|Any CPU = Release|Any CPU
		Release|Mixed Platforms = Release|Mixed Platforms
		Release|Win32 = Release|Win32
		Release|x86 = Release|x86
	EndGlobalSection
	GlobalSection(ProjectConfigurationPlatforms) = postSolution
		{BC391DAE-C890-411E-95BC-5A9B3D5A8B5E}.Debug|Any CPU.ActiveCfg = Debug|Any CPU
		{BC391DAE-C890-411E-95BC-5A9B3D5A8B5E}.Debug|Any CPU.Build.0 = Debug|Any CPU
		{BC391DAE-C890-411E-95BC-5A9B3D5A8B5E}.Debug|Mixed Platforms.ActiveCfg = Debug|Any CPU
		{BC391DAE-C890-411E-95BC-5A9B3D5A8B5E}.Debug|Mixed Platforms.Build.0 = Debug|Any CPU
		{BC391DAE-C890-411E-95BC-5A9B3D5A8B5E}.Debug|Win32.ActiveCfg = Debug|Any CPU
		{BC391DAE-C890-411E-95BC-5A9B3D5A8B5E}.Debug|x86.ActiveCfg = Debug|Any CPU
		{BC391DAE-C890-411E-95BC-5A9B3D5A8B5E}.Release|Any CPU.ActiveCfg = Release|Any CPU
		{BC391DAE-C890-411E-95BC-5A9B3D5A8B5E}.Release|Any CPU.Build.0 = Release|Any CPU
		{BC391DAE-C890-411E-95BC-5A9B3D5A8B5E}.Release|Mixed Platforms.ActiveCfg = Release|Any CPU
		{BC391DAE-C890-411E-95BC-5A9B3D5A8B5E}.Release|Mixed Platforms.Build.0 = Release|Any CPU
		{BC391DAE-C890-411E-95BC-5A9B3D5A8B5E}.Release|Win32.ActiveCfg = Release|Any CPU
		{BC391DAE-C890-411E-95BC-5A9B3D5A8B5E}.Release|x86.ActiveCfg = Release|Any CPU
		{50309A50-ED94-4DEC-8860-1EDF300835F2}.Debug|Any CPU.ActiveCfg = Debug|x86
		{50309A50-ED94-4DEC-8860-1EDF300835F2}.Debug|Mixed Platforms.ActiveCfg = Debug|x86
		{50309A50-ED94-4DEC-8860-1EDF300835F2}.Debug|Mixed Platforms.Build.0 = Debug|x86
		{50309A50-ED94-4DEC-8860-1EDF300835F2}.Debug|Win32.ActiveCfg = Debug|x86
		{50309A50-ED94-4DEC-8860-1EDF300835F2}.Debug|x86.ActiveCfg = Debug|x86
		{50309A50-ED94-4DEC-8860-1EDF300835F2}.Debug|x86.Build.0 = Debug|x86
		{50309A50-ED94-4DEC-8860-1EDF300835F2}.Release|Any CPU.ActiveCfg = Release|x86
		{50309A50-ED94-4DEC-8860-1EDF300835F2}.Release|Mixed Platforms.ActiveCfg = Release|x86
		{50309A50-ED94-4DEC-8860-1EDF300835F2}.Release|Mixed Platforms.Build.0 = Release|x86
		{50309A50-ED94-4DEC-8860-1EDF300835F2}.Release|Win32.ActiveCfg = Release|x86
		{50309A50-ED94-4DEC-8860-1EDF300835F2}.Release|x86.ActiveCfg = Release|x86
		{50309A50-ED94-4DEC-8860-1EDF300835F2}.Release|x86.Build.0 = Release|x86
		{046FA151-38D0-4A8E-997B-82127FDB3300}.Debug|Any CPU.ActiveCfg = Debug|Any CPU
		{046FA151-38D0-4A8E-997B-82127FDB3300}.Debug|Any CPU.Build.0 = Debug|Any CPU
		{046FA151-38D0-4A8E-997B-82127FDB3300}.Debug|Mixed Platforms.ActiveCfg = Debug|Any CPU
		{046FA151-38D0-4A8E-997B-82127FDB3300}.Debug|Mixed Platforms.Build.0 = Debug|Any CPU
		{046FA151-38D0-4A8E-997B-82127FDB3300}.Debug|Win32.ActiveCfg = Debug|Any CPU
		{046FA151-38D0-4A8E-997B-82127FDB3300}.Debug|x86.ActiveCfg = Debug|Any CPU
		{046FA151-38D0-4A8E-997B-82127FDB3300}.Release|Any CPU.ActiveCfg = Release|Any CPU
		{046FA151-38D0-4A8E-997B-82127FDB3300}.Release|Any CPU.Build.0 = Release|Any CPU
		{046FA151-38D0-4A8E-997B-82127FDB3300}.Release|Mixed Platforms.ActiveCfg = Release|Any CPU
		{046FA151-38D0-4A8E-997B-82127FDB3300}.Release|Mixed Platforms.Build.0 = Release|Any CPU
		{046FA151-38D0-4A8E-997B-82127FDB3300}.Release|Win32.ActiveCfg = Release|Any CPU
		{046FA151-38D0-4A8E-997B-82127FDB3300}.Release|x86.ActiveCfg = Release|Any CPU
	EndGlobalSection
	GlobalSection(SolutionProperties) = preSolution
		HideSolutionNode = FALSE
	EndGlobalSection
EndGlobal
